
Microsoft Visual Studio Solution File, Format Version 12.00
# Visual Studio Version 17
VisualStudioVersion = 17.9.34622.214
MinimumVisualStudioVersion = 10.0.40219.1
Project("{8BC9CEB8-8B4A-11D0-8D11-00A0C91BC942}") = "Vezbe4", "Vezbe4\Vezbe4.vcxproj", "{B9FD265C-0540-4E78-974C-29DD46D14A0D}"
EndProject
Global
	GlobalSection(SolutionConfigurationPlatforms) = preSolution
		Debug|x64 = Debug|x64
		Debug|x86 = Debug|x86
		Release|x64 = Release|x64
		Release|x86 = Release|x86
	EndGlobalSection
	GlobalSection(ProjectConfigurationPlatforms) = postSolution
		{B9FD265C-0540-4E78-974C-29DD46D14A0D}.Debug|x64.ActiveCfg = Debug|x64
		{B9FD265C-0540-4E78-974C-29DD46D14A0D}.Debug|x64.Build.0 = Debug|x64
		{B9FD265C-0540-4E78-974C-29DD46D14A0D}.Debug|x86.ActiveCfg = Debug|Win32
		{B9FD265C-0540-4E78-974C-29DD46D14A0D}.Debug|x86.Build.0 = Debug|Win32
		{B9FD265C-0540-4E78-974C-29DD46D14A0D}.Release|x64.ActiveCfg = Release|x64
		{B9FD265C-0540-4E78-974C-29DD46D14A0D}.Release|x64.Build.0 = Release|x64
		{B9FD265C-0540-4E78-974C-29DD46D14A0D}.Release|x86.ActiveCfg = Release|Win32
		{B9FD265C-0540-4E78-974C-29DD46D14A0D}.Release|x86.Build.0 = Release|Win32
	EndGlobalSection
	GlobalSection(SolutionProperties) = preSolution
		HideSolutionNode = FALSE
	EndGlobalSection
	GlobalSection(ExtensibilityGlobals) = postSolution
		SolutionGuid = {69FE03FD-C860-41B2-BE83-97C5F513BF5F}
	EndGlobalSection
EndGlobal
